<?xml version="1.0" encoding="utf-8"?>
<Project xmlns="http://schemas.microsoft.com/developer/msbuild/2003">
  <ItemGroup>
    <Filter Include="Generated Files">
      <UniqueIdentifier>{71ED8ED8-ACB9-4CE9-BBE1-E00B30144E11}</UniqueIdentifier>
      <Extensions>cpp;c;cxx;moc;h;def;odl;idl;res;</Extensions>
    </Filter>
    <Filter Include="Generated Files">
      <UniqueIdentifier>{71ED8ED8-ACB9-4CE9-BBE1-E00B30144E11}</UniqueIdentifier>
      <Extensions>cpp;c;cxx;moc;h;def;odl;idl;res;</Extensions>
    </Filter>
    <Filter Include="Header Files">
      <UniqueIdentifier>{93995380-89BD-4b04-88EB-625FBE52EBFB}</UniqueIdentifier>
      <Extensions>h;hpp;hxx;hm;inl;inc;xsd</Extensions>
    </Filter>
    <Filter Include="Header Files">
      <UniqueIdentifier>{93995380-89BD-4b04-88EB-625FBE52EBFB}</UniqueIdentifier>
      <Extensions>h;hpp;hxx;hm;inl;inc;xsd</Extensions>
    </Filter>
    <Filter Include="Source Files">
      <UniqueIdentifier>{4FC737F1-C7A5-4376-A066-2A32D752A2FF}</UniqueIdentifier>
      <Extensions>cpp;c;cxx;def;odl;idl;hpj;bat;asm;asmx</Extensions>
    </Filter>
    <Filter Include="Source Files">
      <UniqueIdentifier>{4FC737F1-C7A5-4376-A066-2A32D752A2FF}</UniqueIdentifier>
      <Extensions>cpp;c;cxx;def;odl;idl;hpj;bat;asm;asmx</Extensions>
    </Filter>
    <Filter Include="Resource Files">
      <UniqueIdentifier>{D9D6E242-F8AF-46E4-B9FD-80ECBC20BA3E}</UniqueIdentifier>
      <Extensions>qrc;*</Extensions>
      <ParseFiles>false</ParseFiles>
    </Filter>
    <Filter Include="baseWnd">
      <UniqueIdentifier>{34d52484-cf70-4f04-9813-75ee1ff2f1e7}</UniqueIdentifier>
    </Filter>
    <Filter Include="topWidget">
      <UniqueIdentifier>{40f12b1b-24f0-4616-a280-37916dcdb18b}</UniqueIdentifier>
    </Filter>
    <Filter Include="middleWidget">
      <UniqueIdentifier>{d695c3dd-39a7-49a2-8c3a-63a073467430}</UniqueIdentifier>
    </Filter>
    <Filter Include="bottomWidget">
      <UniqueIdentifier>{3b729af0-7a1f-46bb-b5e4-59f9ba8de6ef}</UniqueIdentifier>
    </Filter>
    <Filter Include="customizeCtrl">
      <UniqueIdentifier>{8ca0464b-e79c-430e-8f2f-fdaef0018c9f}</UniqueIdentifier>
    </Filter>
  </ItemGroup>
  <ItemGroup>
    <ClCompile Include="main.cpp">
      <Filter>Source Files</Filter>
    </ClCompile>
    <ClCompile Include="mainWnd\mainwnd.cpp">
      <Filter>Source Files</Filter>
    </ClCompile>
    <ClCompile Include="baseWnd\dragautosizewnd.cpp">
      <Filter>baseWnd</Filter>
    </ClCompile>
    <ClCompile Include="baseWnd\basewindow.cpp">
      <Filter>baseWnd</Filter>
    </ClCompile>
    <ClCompile Include="topWidget\topwidgets.cpp">
      <Filter>topWidget</Filter>
    </ClCompile>
    <ClCompile Include="baseWnd\widget.cpp">
      <Filter>baseWnd</Filter>
    </ClCompile>
    <ClCompile Include="baseWnd\basewidget.cpp">
      <Filter>baseWnd</Filter>
    </ClCompile>
    <ClCompile Include="middleWidget\middlewidgets.cpp">
      <Filter>middleWidget</Filter>
    </ClCompile>
    <ClCompile Include="bottomWidget\bottomwidgets.cpp">
      <Filter>bottomWidget</Filter>
    </ClCompile>
    <ClCompile Include="customizeCtrl\slider.cpp">
      <Filter>customizeCtrl</Filter>
    </ClCompile>
    <ClCompile Include="customizeCtrl\volumuctrl.cpp">
      <Filter>customizeCtrl</Filter>
    </ClCompile>
  </ItemGroup>
  <ItemGroup>
    <QtMoc Include="mainWnd\mainwnd.h">
      <Filter>Header Files</Filter>
    </QtMoc>
    <QtMoc Include="baseWnd\dragautosizewnd.h">
      <Filter>baseWnd</Filter>
    </QtMoc>
    <QtMoc Include="baseWnd\basewindow.h">
      <Filter>baseWnd</Filter>
    </QtMoc>
    <QtMoc Include="baseWnd\widget.h">
      <Filter>baseWnd</Filter>
    </QtMoc>
    <QtMoc Include="topWidget\topwidgets.h">
      <Filter>topWidget</Filter>
    </QtMoc>
    <QtMoc Include="baseWnd\basewidget.h">
      <Filter>baseWnd</Filter>
    </QtMoc>
    <QtMoc Include="middleWidget\middlewidgets.h">
      <Filter>middleWidget</Filter>
    </QtMoc>
    <QtMoc Include="bottomWidget\bottomwidgets.h">
      <Filter>bottomWidget</Filter>
    </QtMoc>
    <QtMoc Include="customizeCtrl\slider.h">
      <Filter>customizeCtrl</Filter>
    </QtMoc>
    <QtMoc Include="customizeCtrl\volumuctrl.h">
      <Filter>customizeCtrl</Filter>
    </QtMoc>
  </ItemGroup>
  <ItemGroup>
    <CustomBuild Include="debug\moc_predefs.h.cbt">
      <Filter>Generated Files</Filter>
    </CustomBuild>
    <CustomBuild Include="release\moc_predefs.h.cbt">
      <Filter>Generated Files</Filter>
    </CustomBuild>
  </ItemGroup>
  <ItemGroup>
    <QtRcc Include="res_main.qrc">
      <Filter>Resource Files</Filter>
    </QtRcc>
    <QtRcc Include="res_topwidget.qrc">
      <Filter>Resource Files</Filter>
    </QtRcc>
    <QtRcc Include="res_bottomwidget.qrc">
      <Filter>Resource Files</Filter>
    </QtRcc>
  </ItemGroup>
</Project>